{
  "lockfile-version": 1,
  "manifest": {
    "schema-version": "1.12.0",
    "install": {
      "claude-code": {
        "pkg-path": "flox/claude-code",
        "pkg-group": "claude-code"
      },
      "codex": {
        "pkg-path": "flox/codex",
        "pkg-group": "codex"
      },
      "cursor-cli": {
        "pkg-path": "cursor-cli"
      },
      "gemini-cli": {
        "pkg-path": "flox/gemini-cli",
        "pkg-group": "gemini-cli"
      },
      "goose-cli": {
        "pkg-path": "flox/goose-cli",
        "pkg-group": "goose-cli"
      },
      "kilocode-cli": {
        "pkg-path": "flox/kilocode-cli",
        "pkg-group": "kilocode-cli"
      },
      "pi": {
        "pkg-path": "flox/pi",
        "pkg-group": "pi"
      }
    },
    "hook": {},
    "profile": {},
    "options": {
      "systems": [
        "aarch64-darwin",
        "aarch64-linux",
        "x86_64-linux"
      ]
    }
  },
  "packages": [
    {
      "attr_path": "claude-code",
      "broken": false,
      "derivation": "/nix/store/difc60pg2cm5a25s293b2fb1j6k4hsm3-claude-code-2.1.157.drv",
      "description": "Agentic coding tool from Anthropic",
      "install_id": "claude-code",
      "license": "Unfree",
      "locked_url": "https://github.com/flox/floxenvs?rev=281a0e4f3ad5607bf5ff1d5796d72550801165f7",
      "name": "claude-code-2.1.157",
      "pname": "claude-code",
      "rev": "281a0e4f3ad5607bf5ff1d5796d72550801165f7",
      "rev_count": 5073,
      "rev_date": "2026-05-30T01:11:12Z",
      "scrape_date": "2026-05-30T03:00:10.850290831Z",
      "stabilities": [
        "unstable",
        "staging"
      ],
      "unfree": true,
      "version": "2.1.157",
      "outputs_to_install": [
        "out"
      ],
      "outputs": {
        "out": "/nix/store/pa426fsxfq6hx2m1wml5d1vd448vxl4x-claude-code-2.1.157"
      },
      "system": "aarch64-darwin",
      "group": "claude-code",
      "priority": 5
    },
    {
      "attr_path": "claude-code",
      "broken": false,
      "derivation": "/nix/store/i0lbs4l8sg07pxm5c66dh58cv51pchwd-claude-code-2.1.157.drv",
      "description": "Agentic coding tool from Anthropic",
      "install_id": "claude-code",
      "license": "Unfree",
      "locked_url": "https://github.com/flox/floxenvs?rev=281a0e4f3ad5607bf5ff1d5796d72550801165f7",
      "name": "claude-code-2.1.157",
      "pname": "claude-code",
      "rev": "281a0e4f3ad5607bf5ff1d5796d72550801165f7",
      "rev_count": 5073,
      "rev_date": "2026-05-30T01:11:12Z",
      "scrape_date": "2026-05-30T03:00:10.850303836Z",
      "stabilities": [
        "unstable",
        "staging"
      ],
      "unfree": true,
      "version": "2.1.157",
      "outputs_to_install": [
        "out"
      ],
      "outputs": {
        "out": "/nix/store/83dzpvx2sjh8wyghkysvrr9mad1m6nkr-claude-code-2.1.157"
      },
      "system": "aarch64-linux",
      "group": "claude-code",
      "priority": 5
    },
    {
      "attr_path": "claude-code",
      "broken": false,
      "derivation": "/nix/store/vi13jihv57pnhwbbbcyghrjnz4wvpany-claude-code-2.1.157.drv",
      "description": "Agentic coding tool from Anthropic",
      "install_id": "claude-code",
      "license": "Unfree",
      "locked_url": "https://github.com/flox/floxenvs?rev=281a0e4f3ad5607bf5ff1d5796d72550801165f7",
      "name": "claude-code-2.1.157",
      "pname": "claude-code",
      "rev": "281a0e4f3ad5607bf5ff1d5796d72550801165f7",
      "rev_count": 5073,
      "rev_date": "2026-05-30T01:11:12Z",
      "scrape_date": "2026-05-30T03:00:10.850307875Z",
      "stabilities": [
        "unstable",
        "staging"
      ],
      "unfree": true,
      "version": "2.1.157",
      "outputs_to_install": [
        "out"
      ],
      "outputs": {
        "out": "/nix/store/bjg9xwvw69a4d4fmddjb1by9kicxl3a7-claude-code-2.1.157"
      },
      "system": "x86_64-linux",
      "group": "claude-code",
      "priority": 5
    },
    {
      "attr_path": "codex",
      "broken": false,
      "derivation": "/nix/store/smjhq9rkhcaq9ilpq5yai2dmqfzrm03w-codex-0.135.0.drv",
      "description": "OpenAI Codex CLI - a coding agent that runs locally",
      "install_id": "codex",
      "license": "Apache-2.0",
      "locked_url": "https://github.com/flox/floxenvs?rev=fdc9e180d4a4cffdedb0d817c895861bb51db882",
      "name": "codex-0.135.0",
      "pname": "codex",
      "rev": "fdc9e180d4a4cffdedb0d817c895861bb51db882",
      "rev_count": 4751,
      "rev_date": "2026-05-28T20:24:55Z",
      "scrape_date": "2026-05-30T03:00:10.850335143Z",
      "stabilities": [
        "unstable",
        "staging"
      ],
      "unfree": false,
      "version": "0.135.0",
      "outputs_to_install": [
        "out"
      ],
      "outputs": {
        "out": "/nix/store/k6wj2yqsqhpa7r9rsdp9w62dn4zs0709-codex-0.135.0"
      },
      "system": "aarch64-darwin",
      "group": "codex",
      "priority": 5
    },
    {
      "attr_path": "codex",
      "broken": false,
      "derivation": "/nix/store/88kbml8b7ddc38znc1mh60p62vcl80s8-codex-0.135.0.drv",
      "description": "OpenAI Codex CLI - a coding agent that runs locally",
      "install_id": "codex",
      "license": "Apache-2.0",
      "locked_url": "https://github.com/flox/floxenvs?rev=fdc9e180d4a4cffdedb0d817c895861bb51db882",
      "name": "codex-0.135.0",
      "pname": "codex",
      "rev": "fdc9e180d4a4cffdedb0d817c895861bb51db882",
      "rev_count": 4751,
      "rev_date": "2026-05-28T20:24:55Z",
      "scrape_date": "2026-05-30T03:00:10.850339233Z",
      "stabilities": [
        "unstable",
        "staging"
      ],
      "unfree": false,
      "version": "0.135.0",
      "outputs_to_install": [
        "out"
      ],
      "outputs": {
        "out": "/nix/store/fh06c7ydf7718fr833ys4xgzqhbjsfvl-codex-0.135.0"
      },
      "system": "aarch64-linux",
      "group": "codex",
      "priority": 5
    },
    {
      "attr_path": "codex",
      "broken": false,
      "derivation": "/nix/store/v149y7k8wxh19nckzhcmsi0hwmf6h3bl-codex-0.135.0.drv",
      "description": "OpenAI Codex CLI - a coding agent that runs locally",
      "install_id": "codex",
      "license": "Apache-2.0",
      "locked_url": "https://github.com/flox/floxenvs?rev=fdc9e180d4a4cffdedb0d817c895861bb51db882",
      "name": "codex-0.135.0",
      "pname": "codex",
      "rev": "fdc9e180d4a4cffdedb0d817c895861bb51db882",
      "rev_count": 4751,
      "rev_date": "2026-05-28T20:24:55Z",
      "scrape_date": "2026-05-30T03:00:10.850350775Z",
      "stabilities": [
        "unstable",
        "staging"
      ],
      "unfree": false,
      "version": "0.135.0",
      "outputs_to_install": [
        "out"
      ],
      "outputs": {
        "out": "/nix/store/mc08bgrbh55s4ziiikn2dvkxm7qcyw4m-codex-0.135.0"
      },
      "system": "x86_64-linux",
      "group": "codex",
      "priority": 5
    },
    {
      "attr_path": "gemini-cli",
      "broken": false,
      "derivation": "/nix/store/dlm2dm42k780q0jam47rmjhnzkav2f9d-gemini-cli-0.43.0.drv",
      "description": "AI agent that brings Gemini directly into your terminal",
      "install_id": "gemini-cli",
      "license": "Apache-2.0",
      "locked_url": "https://github.com/flox/floxenvs?rev=e7d9eb11648f4a9a8aa4a5270776538cda9098ea",
      "name": "gemini-cli-0.43.0",
      "pname": "gemini-cli",
      "rev": "e7d9eb11648f4a9a8aa4a5270776538cda9098ea",
      "rev_count": 3849,
      "rev_date": "2026-05-22T07:36:53Z",
      "scrape_date": "2026-05-30T03:00:10.850379205Z",
      "stabilities": [
        "unstable",
        "staging"
      ],
      "unfree": false,
      "version": "0.43.0",
      "outputs_to_install": [
        "out"
      ],
      "outputs": {
        "out": "/nix/store/281gjdvc0qwf94w03mnvwvkkprafwcdw-gemini-cli-0.43.0"
      },
      "system": "aarch64-darwin",
      "group": "gemini-cli",
      "priority": 5
    },
    {
      "attr_path": "gemini-cli",
      "broken": false,
      "derivation": "/nix/store/sqc83mdh5dfl0x9923rda9g90k95p6ka-gemini-cli-0.43.0.drv",
      "description": "AI agent that brings Gemini directly into your terminal",
      "install_id": "gemini-cli",
      "license": "Apache-2.0",
      "locked_url": "https://github.com/flox/floxenvs?rev=e7d9eb11648f4a9a8aa4a5270776538cda9098ea",
      "name": "gemini-cli-0.43.0",
      "pname": "gemini-cli",
      "rev": "e7d9eb11648f4a9a8aa4a5270776538cda9098ea",
      "rev_count": 3849,
      "rev_date": "2026-05-22T07:36:53Z",
      "scrape_date": "2026-05-30T03:00:10.850383465Z",
      "stabilities": [
        "unstable",
        "staging"
      ],
      "unfree": false,
      "version": "0.43.0",
      "outputs_to_install": [
        "out"
      ],
      "outputs": {
        "out": "/nix/store/k74s6rwpcnx3lfgyw7xva7w6dy06pcji-gemini-cli-0.43.0"
      },
      "system": "aarch64-linux",
      "group": "gemini-cli",
      "priority": 5
    },
    {
      "attr_path": "gemini-cli",
      "broken": false,
      "derivation": "/nix/store/57dqwqfar02ddgpgnr4fasf87sfvia0w-gemini-cli-0.43.0.drv",
      "description": "AI agent that brings Gemini directly into your terminal",
      "install_id": "gemini-cli",
      "license": "Apache-2.0",
      "locked_url": "https://github.com/flox/floxenvs?rev=e7d9eb11648f4a9a8aa4a5270776538cda9098ea",
      "name": "gemini-cli-0.43.0",
      "pname": "gemini-cli",
      "rev": "e7d9eb11648f4a9a8aa4a5270776538cda9098ea",
      "rev_count": 3849,
      "rev_date": "2026-05-22T07:36:53Z",
      "scrape_date": "2026-05-30T03:00:10.850388948Z",
      "stabilities": [
        "unstable",
        "staging"
      ],
      "unfree": false,
      "version": "0.43.0",
      "outputs_to_install": [
        "out"
      ],
      "outputs": {
        "out": "/nix/store/l6nlkvhj4whnz11wph632qarxxlxzjs5-gemini-cli-0.43.0"
      },
      "system": "x86_64-linux",
      "group": "gemini-cli",
      "priority": 5
    },
    {
      "attr_path": "goose-cli",
      "broken": false,
      "derivation": "/nix/store/ml8hibpmh1ymh9zw8x6lr8lx9hxpx7vz-goose-cli-1.36.0.drv",
      "description": "Block's local, extensible, open source AI engineering agent",
      "install_id": "goose-cli",
      "license": "Apache-2.0",
      "locked_url": "https://github.com/flox/floxenvs?rev=3e25327e0de1c73831f0b2d889770d1caae141be",
      "name": "goose-cli-1.36.0",
      "pname": "goose-cli",
      "rev": "3e25327e0de1c73831f0b2d889770d1caae141be",
      "rev_count": 4589,
      "rev_date": "2026-05-28T02:10:17Z",
      "scrape_date": "2026-05-30T03:00:10.850425041Z",
      "stabilities": [
        "unstable",
        "staging"
      ],
      "unfree": false,
      "version": "1.36.0",
      "outputs_to_install": [
        "out"
      ],
      "outputs": {
        "out": "/nix/store/1g53pfdfi0vn4j96712x3ww9w406ljl0-goose-cli-1.36.0"
      },
      "system": "aarch64-darwin",
      "group": "goose-cli",
      "priority": 5
    },
    {
      "attr_path": "goose-cli",
      "broken": false,
      "derivation": "/nix/store/3k8ha9izqr070ikvv8d9rlqqdw2rzk4s-goose-cli-1.36.0.drv",
      "description": "Block's local, extensible, open source AI engineering agent",
      "install_id": "goose-cli",
      "license": "Apache-2.0",
      "locked_url": "https://github.com/flox/floxenvs?rev=3e25327e0de1c73831f0b2d889770d1caae141be",
      "name": "goose-cli-1.36.0",
      "pname": "goose-cli",
      "rev": "3e25327e0de1c73831f0b2d889770d1caae141be",
      "rev_count": 4589,
      "rev_date": "2026-05-28T02:10:17Z",
      "scrape_date": "2026-05-30T03:00:10.850428885Z",
      "stabilities": [
        "unstable",
        "staging"
      ],
      "unfree": false,
      "version": "1.36.0",
      "outputs_to_install": [
        "out"
      ],
      "outputs": {
        "out": "/nix/store/1rsb8i7la45xd6dp8j2kf2ss8d1iafha-goose-cli-1.36.0"
      },
      "system": "aarch64-linux",
      "group": "goose-cli",
      "priority": 5
    },
    {
      "attr_path": "goose-cli",
      "broken": false,
      "derivation": "/nix/store/b2plrxh0r8xaiv7s51h2ccympqm8dplb-goose-cli-1.36.0.drv",
      "description": "Block's local, extensible, open source AI engineering agent",
      "install_id": "goose-cli",
      "license": "Apache-2.0",
      "locked_url": "https://github.com/flox/floxenvs?rev=3e25327e0de1c73831f0b2d889770d1caae141be",
      "name": "goose-cli-1.36.0",
      "pname": "goose-cli",
      "rev": "3e25327e0de1c73831f0b2d889770d1caae141be",
      "rev_count": 4589,
      "rev_date": "2026-05-28T02:10:17Z",
      "scrape_date": "2026-05-30T03:00:10.850432238Z",
      "stabilities": [
        "unstable",
        "staging"
      ],
      "unfree": false,
      "version": "1.36.0",
      "outputs_to_install": [
        "out"
      ],
      "outputs": {
        "out": "/nix/store/2h4l2cz80siv0v9xdl4a84fxgdssm11y-goose-cli-1.36.0"
      },
      "system": "x86_64-linux",
      "group": "goose-cli",
      "priority": 5
    },
    {
      "attr_path": "kilocode-cli",
      "broken": false,
      "derivation": "/nix/store/0wnj0fsh89aj5k4d646421ashxlxgwsd-kilocode-cli-7.2.20.drv",
      "description": "The open-source AI coding agent. Now available in your terminal.",
      "install_id": "kilocode-cli",
      "license": "Apache-2.0",
      "locked_url": "https://github.com/barstoolbluz/nix-ai-tools?rev=4305bb29005f77a384e1ebe22ec59789ed2bbb02",
      "name": "kilocode-cli-7.2.20",
      "pname": "kilocode-cli",
      "rev": "4305bb29005f77a384e1ebe22ec59789ed2bbb02",
      "rev_count": 1,
      "rev_date": "2026-04-23T06:07:42Z",
      "scrape_date": "2026-05-30T03:00:10.850459631Z",
      "stabilities": [
        "unstable",
        "staging",
        "stable"
      ],
      "unfree": false,
      "version": "7.2.20",
      "outputs_to_install": [
        "out"
      ],
      "outputs": {
        "out": "/nix/store/f0mrk646a0agz45yj9225sndnzyp9s57-kilocode-cli-7.2.20"
      },
      "system": "aarch64-darwin",
      "group": "kilocode-cli",
      "priority": 5
    },
    {
      "attr_path": "kilocode-cli",
      "broken": false,
      "derivation": "/nix/store/2y00w1769kxxr714cqbzglm4a4c0zpjd-kilocode-cli-7.2.20.drv",
      "description": "The open-source AI coding agent. Now available in your terminal.",
      "install_id": "kilocode-cli",
      "license": "Apache-2.0",
      "locked_url": "https://github.com/barstoolbluz/nix-ai-tools?rev=4305bb29005f77a384e1ebe22ec59789ed2bbb02",
      "name": "kilocode-cli-7.2.20",
      "pname": "kilocode-cli",
      "rev": "4305bb29005f77a384e1ebe22ec59789ed2bbb02",
      "rev_count": 1,
      "rev_date": "2026-04-23T06:07:42Z",
      "scrape_date": "2026-05-30T03:00:10.850462182Z",
      "stabilities": [
        "unstable",
        "staging",
        "stable"
      ],
      "unfree": false,
      "version": "7.2.20",
      "outputs_to_install": [
        "out"
      ],
      "outputs": {
        "out": "/nix/store/5hrrxx8qys93z5qjqbgvhcz69syg3bpw-kilocode-cli-7.2.20"
      },
      "system": "aarch64-linux",
      "group": "kilocode-cli",
      "priority": 5
    },
    {
      "attr_path": "kilocode-cli",
      "broken": false,
      "derivation": "/nix/store/vbyb3hmya85n32glw4k82dzqg7p639i2-kilocode-cli-7.2.20.drv",
      "description": "The open-source AI coding agent. Now available in your terminal.",
      "install_id": "kilocode-cli",
      "license": "Apache-2.0",
      "locked_url": "https://github.com/barstoolbluz/nix-ai-tools?rev=4305bb29005f77a384e1ebe22ec59789ed2bbb02",
      "name": "kilocode-cli-7.2.20",
      "pname": "kilocode-cli",
      "rev": "4305bb29005f77a384e1ebe22ec59789ed2bbb02",
      "rev_count": 1,
      "rev_date": "2026-04-23T06:07:42Z",
      "scrape_date": "2026-05-30T03:00:10.850464217Z",
      "stabilities": [
        "unstable",
        "staging",
        "stable"
      ],
      "unfree": false,
      "version": "7.2.20",
      "outputs_to_install": [
        "out"
      ],
      "outputs": {
        "out": "/nix/store/446rsflhgpbhwyv20dipmvhp6jfgmi4b-kilocode-cli-7.2.20"
      },
      "system": "x86_64-linux",
      "group": "kilocode-cli",
      "priority": 5
    },
    {
      "attr_path": "pi",
      "broken": false,
      "derivation": "/nix/store/2i7byarq9gm6lrb66ha34ldg9nh2mm98-pi-0.73.1.drv",
      "description": "Terminal-based coding agent with multi-model support",
      "install_id": "pi",
      "license": "MIT",
      "locked_url": "https://github.com/flox/floxenvs?rev=ec0dd4c37eabe9042c0d7dccbe550d407b51a28b",
      "name": "pi-0.73.1",
      "pname": "pi",
      "rev": "ec0dd4c37eabe9042c0d7dccbe550d407b51a28b",
      "rev_count": 3677,
      "rev_date": "2026-05-20T12:30:23Z",
      "scrape_date": "2026-05-30T03:00:10.850486343Z",
      "stabilities": [
        "unstable",
        "staging"
      ],
      "unfree": false,
      "version": "0.73.1",
      "outputs_to_install": [
        "out"
      ],
      "outputs": {
        "out": "/nix/store/1jminqyr5lrm3414c7r2mh4zncl1r85z-pi-0.73.1"
      },
      "system": "aarch64-darwin",
      "group": "pi",
      "priority": 5
    },
    {
      "attr_path": "pi",
      "broken": false,
      "derivation": "/nix/store/f8hnbg0dzimffw4rfadf2sjipm0bzm90-pi-0.73.1.drv",
      "description": "Terminal-based coding agent with multi-model support",
      "install_id": "pi",
      "license": "MIT",
      "locked_url": "https://github.com/flox/floxenvs?rev=ec0dd4c37eabe9042c0d7dccbe550d407b51a28b",
      "name": "pi-0.73.1",
      "pname": "pi",
      "rev": "ec0dd4c37eabe9042c0d7dccbe550d407b51a28b",
      "rev_count": 3677,
      "rev_date": "2026-05-20T12:30:23Z",
      "scrape_date": "2026-05-30T03:00:10.850488718Z",
      "stabilities": [
        "unstable",
        "staging"
      ],
      "unfree": false,
      "version": "0.73.1",
      "outputs_to_install": [
        "out"
      ],
      "outputs": {
        "out": "/nix/store/n510ngrb9lm8jsk9cm0n8ybgnals9j91-pi-0.73.1"
      },
      "system": "aarch64-linux",
      "group": "pi",
      "priority": 5
    },
    {
      "attr_path": "pi",
      "broken": false,
      "derivation": "/nix/store/v0fh71n76bbyx4avqp7li4yppg1arkbn-pi-0.73.1.drv",
      "description": "Terminal-based coding agent with multi-model support",
      "install_id": "pi",
      "license": "MIT",
      "locked_url": "https://github.com/flox/floxenvs?rev=ec0dd4c37eabe9042c0d7dccbe550d407b51a28b",
      "name": "pi-0.73.1",
      "pname": "pi",
      "rev": "ec0dd4c37eabe9042c0d7dccbe550d407b51a28b",
      "rev_count": 3677,
      "rev_date": "2026-05-20T12:30:23Z",
      "scrape_date": "2026-05-30T03:00:10.850491625Z",
      "stabilities": [
        "unstable",
        "staging"
      ],
      "unfree": false,
      "version": "0.73.1",
      "outputs_to_install": [
        "out"
      ],
      "outputs": {
        "out": "/nix/store/8aash68clxdkc6gn9gly9s6cfqi8kc1x-pi-0.73.1"
      },
      "system": "x86_64-linux",
      "group": "pi",
      "priority": 5
    },
    {
      "attr_path": "cursor-cli",
      "broken": false,
      "derivation": "/nix/store/02ijxglz6yf3kmlknr0c57nnm2gm2mnn-cursor-cli-0-unstable-2026-05-16.drv",
      "description": "Cursor CLI",
      "install_id": "cursor-cli",
      "license": "Unfree",
      "locked_url": "https://github.com/flox/nixpkgs?rev=64c08a7ca051951c8eae34e3e3cb1e202fe36786",
      "name": "cursor-cli-0-unstable-2026-05-16",
      "pname": "cursor-cli",
      "rev": "64c08a7ca051951c8eae34e3e3cb1e202fe36786",
      "rev_count": 1004030,
      "rev_date": "2026-05-23T18:24:25Z",
      "scrape_date": "2026-05-26T07:06:03.096599Z",
      "stabilities": [
        "unstable"
      ],
      "unfree": true,
      "version": "2026-05-16",
      "outputs_to_install": [
        "out"
      ],
      "outputs": {
        "out": "/nix/store/jlbw7q8caxh3yqnbvc8cj13wg998gcfk-cursor-cli-0-unstable-2026-05-16"
      },
      "system": "aarch64-darwin",
      "group": "toplevel",
      "priority": 5
    },
    {
      "attr_path": "cursor-cli",
      "broken": false,
      "derivation": "/nix/store/aycfk6950lyf9kqq2qg6q728607r75hq-cursor-cli-0-unstable-2026-05-16.drv",
      "description": "Cursor CLI",
      "install_id": "cursor-cli",
      "license": "Unfree",
      "locked_url": "https://github.com/flox/nixpkgs?rev=64c08a7ca051951c8eae34e3e3cb1e202fe36786",
      "name": "cursor-cli-0-unstable-2026-05-16",
      "pname": "cursor-cli",
      "rev": "64c08a7ca051951c8eae34e3e3cb1e202fe36786",
      "rev_count": 1004030,
      "rev_date": "2026-05-23T18:24:25Z",
      "scrape_date": "2026-05-26T07:34:26.461829Z",
      "stabilities": [
        "unstable"
      ],
      "unfree": true,
      "version": "2026-05-16",
      "outputs_to_install": [
        "out"
      ],
      "outputs": {
        "out": "/nix/store/wy8bmb89rdailj3r54rw9hxn8df6hbia-cursor-cli-0-unstable-2026-05-16"
      },
      "system": "aarch64-linux",
      "group": "toplevel",
      "priority": 5
    },
    {
      "attr_path": "cursor-cli",
      "broken": false,
      "derivation": "/nix/store/kbj7ihxr49apsfla235q580phla5hqr9-cursor-cli-0-unstable-2026-05-16.drv",
      "description": "Cursor CLI",
      "install_id": "cursor-cli",
      "license": "Unfree",
      "locked_url": "https://github.com/flox/nixpkgs?rev=64c08a7ca051951c8eae34e3e3cb1e202fe36786",
      "name": "cursor-cli-0-unstable-2026-05-16",
      "pname": "cursor-cli",
      "rev": "64c08a7ca051951c8eae34e3e3cb1e202fe36786",
      "rev_count": 1004030,
      "rev_date": "2026-05-23T18:24:25Z",
      "scrape_date": "2026-05-26T08:32:51.578156Z",
      "stabilities": [
        "unstable"
      ],
      "unfree": true,
      "version": "2026-05-16",
      "outputs_to_install": [
        "out"
      ],
      "outputs": {
        "out": "/nix/store/nlw0c19ybf0cvgm6w5dd7003v7mr7drn-cursor-cli-0-unstable-2026-05-16"
      },
      "system": "x86_64-linux",
      "group": "toplevel",
      "priority": 5
    }
  ]
}
